
Microsoft Visual Studio Solution File, Format Version 12.00
# Visual Studio Version 17
VisualStudioVersion = 17.3.32922.545
MinimumVisualStudioVersion = 10.0.40219.1
Project("{FAE04EC0-301F-11D3-BF4B-00C04F79EFBC}") = "ApiMatheusGomes", "ApiMatheusGomes\ApiMatheusGomes.csproj", "{46D3C3C0-2F65-42AB-8910-214C7E4A0342}"
EndProject
Global
	GlobalSection(SolutionConfigurationPlatforms) = preSolution
		Debug|Any CPU = Debug|Any CPU
		Release|Any CPU = Release|Any CPU
	EndGlobalSection
	GlobalSection(ProjectConfigurationPlatforms) = postSolution
		{46D3C3C0-2F65-42AB-8910-214C7E4A0342}.Debug|Any CPU.ActiveCfg = Debug|Any CPU
		{46D3C3C0-2F65-42AB-8910-214C7E4A0342}.Debug|Any CPU.Build.0 = Debug|Any CPU
		{46D3C3C0-2F65-42AB-8910-214C7E4A0342}.Release|Any CPU.ActiveCfg = Release|Any CPU
		{46D3C3C0-2F65-42AB-8910-214C7E4A0342}.Release|Any CPU.Build.0 = Release|Any CPU
	EndGlobalSection
	GlobalSection(SolutionProperties) = preSolution
		HideSolutionNode = FALSE
	EndGlobalSection
	GlobalSection(ExtensibilityGlobals) = postSolution
		SolutionGuid = {786C4EBD-4869-4362-ABDF-603F11F16B4F}
	EndGlobalSection
EndGlobal
